
Microsoft Visual Studio Solution File, Format Version 12.00
# Visual Studio Version 17
VisualStudioVersion = 17.8.34330.188
MinimumVisualStudioVersion = 10.0.40219.1
Project("{9A19103F-16F7-4668-BE54-9A1E7A4F7556}") = "00. Programming", "00. Programming\00. Programming.csproj", "{DDBEBC53-FE7E-40D3-A0CF-A8F03EC09461}"
EndProject
Project("{9A19103F-16F7-4668-BE54-9A1E7A4F7556}") = "01. DataType", "01. DataType\01. DataType.csproj", "{875FEC09-9696-4DE2-9DAB-6F95EF929256}"
EndProject
Project("{FAE04EC0-301F-11D3-BF4B-00C04F79EFBC}") = "02. Operator", "02. Operator\02. Operator.csproj", "{FD8C4368-A25D-4715-854A-82D784317B0F}"
EndProject
Project("{FAE04EC0-301F-11D3-BF4B-00C04F79EFBC}") = "02. Operator_Practice", "02. Operator_Practice\02. Operator_Practice.csproj", "{71F8788B-C1CD-48DA-B649-2FCA6CC2D84A}"
EndProject
Project("{FAE04EC0-301F-11D3-BF4B-00C04F79EFBC}") = "03. Conditional", "03. Conditional\03. Conditional.csproj", "{18B96D55-7DD1-4624-B619-11E34057CAE3}"
EndProject
Project("{FAE04EC0-301F-11D3-BF4B-00C04F79EFBC}") = "04. Loop", "04. Loop\04. Loop.csproj", "{BEF33E1E-D351-4B5E-9A14-4A30947BD97F}"
EndProject
Project("{FAE04EC0-301F-11D3-BF4B-00C04F79EFBC}") = "04. Loop_Practice", "04. Loop_Practice\04. Loop_Practice.csproj", "{09B5CDD7-1A23-461A-B77F-9B2DC5695496}"
EndProject
Project("{FAE04EC0-301F-11D3-BF4B-00C04F79EFBC}") = "04. Loop_Task", "04. Loop_Task\04. Loop_Task.csproj", "{814B502C-8B65-4B91-B5B3-1AB534F5A159}"
EndProject
Project("{FAE04EC0-301F-11D3-BF4B-00C04F79EFBC}") = "05. Function", "05. Function\05. Function.csproj", "{CB1797BA-081D-4AB0-88A7-A8456BAF38F2}"
EndProject
Project("{FAE04EC0-301F-11D3-BF4B-00C04F79EFBC}") = "06. UserDefineType", "06. UserDefineType\06. UserDefineType.csproj", "{649A68A9-5640-4372-A124-3A4CCC49EACE}"
EndProject
Project("{FAE04EC0-301F-11D3-BF4B-00C04F79EFBC}") = "06. UserDefineType_Practice", "06. UserDefineType_Practice\06. UserDefineType_Practice.csproj", "{C7720935-F63C-4083-AED2-FC2E4E879916}"
EndProject
Project("{FAE04EC0-301F-11D3-BF4B-00C04F79EFBC}") = "06. UserDefineType_Practice_Solution", "06. UserDefineType_Practice_Solution\06. UserDefineType_Practice_Solution.csproj", "{A6FB4E5B-B6BC-4CF0-911F-41D6F45E55CD}"
EndProject
Project("{FAE04EC0-301F-11D3-BF4B-00C04F79EFBC}") = "06. UserDefineType_Task", "06. UserDefineType_Task\06. UserDefineType_Task.csproj", "{C3A27B16-3A0B-475F-B0AC-CEE10CA6C8F7}"
EndProject
Project("{FAE04EC0-301F-11D3-BF4B-00C04F79EFBC}") = "07. Class", "07. Class\07. Class.csproj", "{E21AC3F8-B07B-4B8E-AA79-97DFB7C23E8A}"
EndProject
Project("{FAE04EC0-301F-11D3-BF4B-00C04F79EFBC}") = "08. Memory", "08. Memory\08. Memory.csproj", "{31AB6F7F-CB4E-45D1-933E-E7F2926F70A4}"
EndProject
Project("{FAE04EC0-301F-11D3-BF4B-00C04F79EFBC}") = "09. OOP", "09. OOP\09. OOP.csproj", "{FF332A95-5EDA-4EF9-AD61-C7E7341DEF69}"
EndProject
Project("{FAE04EC0-301F-11D3-BF4B-00C04F79EFBC}") = "09. OOP_Practice", "09. OOP_Practice\09. OOP_Practice.csproj", "{A6F3D32A-48F7-434D-AE84-A91FAE629DF5}"
EndProject
Project("{FAE04EC0-301F-11D3-BF4B-00C04F79EFBC}") = "09. OOP_Practice_Solution", "09. OOP_Practice_Solution\09. OOP_Practice_Solution.csproj", "{B2843732-DBE5-49EA-8517-C5C7AC200B38}"
EndProject
Project("{FAE04EC0-301F-11D3-BF4B-00C04F79EFBC}") = "09. OOP_Practice2_1", "09. OOP_Practice2_1\09. OOP_Practice2_1.csproj", "{7373C9A1-3F30-42D7-8313-27789609B746}"
EndProject
Project("{FAE04EC0-301F-11D3-BF4B-00C04F79EFBC}") = "09. OOP_Practice2_2", "09. OOP_Practice2_2\09. OOP_Practice2_2.csproj", "{A1CDE93E-7461-4B5B-A70D-9303CAD42B5D}"
EndProject
Global
	GlobalSection(SolutionConfigurationPlatforms) = preSolution
		Debug|Any CPU = Debug|Any CPU
		Release|Any CPU = Release|Any CPU
	EndGlobalSection
	GlobalSection(ProjectConfigurationPlatforms) = postSolution
		{DDBEBC53-FE7E-40D3-A0CF-A8F03EC09461}.Debug|Any CPU.ActiveCfg = Debug|Any CPU
		{DDBEBC53-FE7E-40D3-A0CF-A8F03EC09461}.Debug|Any CPU.Build.0 = Debug|Any CPU
		{DDBEBC53-FE7E-40D3-A0CF-A8F03EC09461}.Release|Any CPU.ActiveCfg = Release|Any CPU
		{DDBEBC53-FE7E-40D3-A0CF-A8F03EC09461}.Release|Any CPU.Build.0 = Release|Any CPU
		{875FEC09-9696-4DE2-9DAB-6F95EF929256}.Debug|Any CPU.ActiveCfg = Debug|Any CPU
		{875FEC09-9696-4DE2-9DAB-6F95EF929256}.Debug|Any CPU.Build.0 = Debug|Any CPU
		{875FEC09-9696-4DE2-9DAB-6F95EF929256}.Release|Any CPU.ActiveCfg = Release|Any CPU
		{875FEC09-9696-4DE2-9DAB-6F95EF929256}.Release|Any CPU.Build.0 = Release|Any CPU
		{FD8C4368-A25D-4715-854A-82D784317B0F}.Debug|Any CPU.ActiveCfg = Debug|Any CPU
		{FD8C4368-A25D-4715-854A-82D784317B0F}.Debug|Any CPU.Build.0 = Debug|Any CPU
		{FD8C4368-A25D-4715-854A-82D784317B0F}.Release|Any CPU.ActiveCfg = Release|Any CPU
		{FD8C4368-A25D-4715-854A-82D784317B0F}.Release|Any CPU.Build.0 = Release|Any CPU
		{71F8788B-C1CD-48DA-B649-2FCA6CC2D84A}.Debug|Any CPU.ActiveCfg = Debug|Any CPU
		{71F8788B-C1CD-48DA-B649-2FCA6CC2D84A}.Debug|Any CPU.Build.0 = Debug|Any CPU
		{71F8788B-C1CD-48DA-B649-2FCA6CC2D84A}.Release|Any CPU.ActiveCfg = Release|Any CPU
		{71F8788B-C1CD-48DA-B649-2FCA6CC2D84A}.Release|Any CPU.Build.0 = Release|Any CPU
		{18B96D55-7DD1-4624-B619-11E34057CAE3}.Debug|Any CPU.ActiveCfg = Debug|Any CPU
		{18B96D55-7DD1-4624-B619-11E34057CAE3}.Debug|Any CPU.Build.0 = Debug|Any CPU
		{18B96D55-7DD1-4624-B619-11E34057CAE3}.Release|Any CPU.ActiveCfg = Release|Any CPU
		{18B96D55-7DD1-4624-B619-11E34057CAE3}.Release|Any CPU.Build.0 = Release|Any CPU
		{BEF33E1E-D351-4B5E-9A14-4A30947BD97F}.Debug|Any CPU.ActiveCfg = Debug|Any CPU
		{BEF33E1E-D351-4B5E-9A14-4A30947BD97F}.Debug|Any CPU.Build.0 = Debug|Any CPU
		{BEF33E1E-D351-4B5E-9A14-4A30947BD97F}.Release|Any CPU.ActiveCfg = Release|Any CPU
		{BEF33E1E-D351-4B5E-9A14-4A30947BD97F}.Release|Any CPU.Build.0 = Release|Any CPU
		{09B5CDD7-1A23-461A-B77F-9B2DC5695496}.Debug|Any CPU.ActiveCfg = Debug|Any CPU
		{09B5CDD7-1A23-461A-B77F-9B2DC5695496}.Debug|Any CPU.Build.0 = Debug|Any CPU
		{09B5CDD7-1A23-461A-B77F-9B2DC5695496}.Release|Any CPU.ActiveCfg = Release|Any CPU
		{09B5CDD7-1A23-461A-B77F-9B2DC5695496}.Release|Any CPU.Build.0 = Release|Any CPU
		{814B502C-8B65-4B91-B5B3-1AB534F5A159}.Debug|Any CPU.ActiveCfg = Debug|Any CPU
		{814B502C-8B65-4B91-B5B3-1AB534F5A159}.Debug|Any CPU.Build.0 = Debug|Any CPU
		{814B502C-8B65-4B91-B5B3-1AB534F5A159}.Release|Any CPU.ActiveCfg = Release|Any CPU
		{814B502C-8B65-4B91-B5B3-1AB534F5A159}.Release|Any CPU.Build.0 = Release|Any CPU
		{CB1797BA-081D-4AB0-88A7-A8456BAF38F2}.Debug|Any CPU.ActiveCfg = Debug|Any CPU
		{CB1797BA-081D-4AB0-88A7-A8456BAF38F2}.Debug|Any CPU.Build.0 = Debug|Any CPU
		{CB1797BA-081D-4AB0-88A7-A8456BAF38F2}.Release|Any CPU.ActiveCfg = Release|Any CPU
		{CB1797BA-081D-4AB0-88A7-A8456BAF38F2}.Release|Any CPU.Build.0 = Release|Any CPU
		{649A68A9-5640-4372-A124-3A4CCC49EACE}.Debug|Any CPU.ActiveCfg = Debug|Any CPU
		{649A68A9-5640-4372-A124-3A4CCC49EACE}.Debug|Any CPU.Build.0 = Debug|Any CPU
		{649A68A9-5640-4372-A124-3A4CCC49EACE}.Release|Any CPU.ActiveCfg = Release|Any CPU
		{649A68A9-5640-4372-A124-3A4CCC49EACE}.Release|Any CPU.Build.0 = Release|Any CPU
		{C7720935-F63C-4083-AED2-FC2E4E879916}.Debug|Any CPU.ActiveCfg = Debug|Any CPU
		{C7720935-F63C-4083-AED2-FC2E4E879916}.Debug|Any CPU.Build.0 = Debug|Any CPU
		{C7720935-F63C-4083-AED2-FC2E4E879916}.Release|Any CPU.ActiveCfg = Release|Any CPU
		{C7720935-F63C-4083-AED2-FC2E4E879916}.Release|Any CPU.Build.0 = Release|Any CPU
		{A6FB4E5B-B6BC-4CF0-911F-41D6F45E55CD}.Debug|Any CPU.ActiveCfg = Debug|Any CPU
		{A6FB4E5B-B6BC-4CF0-911F-41D6F45E55CD}.Debug|Any CPU.Build.0 = Debug|Any CPU
		{A6FB4E5B-B6BC-4CF0-911F-41D6F45E55CD}.Release|Any CPU.ActiveCfg = Release|Any CPU
		{A6FB4E5B-B6BC-4CF0-911F-41D6F45E55CD}.Release|Any CPU.Build.0 = Release|Any CPU
		{C3A27B16-3A0B-475F-B0AC-CEE10CA6C8F7}.Debug|Any CPU.ActiveCfg = Debug|Any CPU
		{C3A27B16-3A0B-475F-B0AC-CEE10CA6C8F7}.Debug|Any CPU.Build.0 = Debug|Any CPU
		{C3A27B16-3A0B-475F-B0AC-CEE10CA6C8F7}.Release|Any CPU.ActiveCfg = Release|Any CPU
		{C3A27B16-3A0B-475F-B0AC-CEE10CA6C8F7}.Release|Any CPU.Build.0 = Release|Any CPU
		{E21AC3F8-B07B-4B8E-AA79-97DFB7C23E8A}.Debug|Any CPU.ActiveCfg = Debug|Any CPU
		{E21AC3F8-B07B-4B8E-AA79-97DFB7C23E8A}.Debug|Any CPU.Build.0 = Debug|Any CPU
		{E21AC3F8-B07B-4B8E-AA79-97DFB7C23E8A}.Release|Any CPU.ActiveCfg = Release|Any CPU
		{E21AC3F8-B07B-4B8E-AA79-97DFB7C23E8A}.Release|Any CPU.Build.0 = Release|Any CPU
		{31AB6F7F-CB4E-45D1-933E-E7F2926F70A4}.Debug|Any CPU.ActiveCfg = Debug|Any CPU
		{31AB6F7F-CB4E-45D1-933E-E7F2926F70A4}.Debug|Any CPU.Build.0 = Debug|Any CPU
		{31AB6F7F-CB4E-45D1-933E-E7F2926F70A4}.Release|Any CPU.ActiveCfg = Release|Any CPU
		{31AB6F7F-CB4E-45D1-933E-E7F2926F70A4}.Release|Any CPU.Build.0 = Release|Any CPU
		{FF332A95-5EDA-4EF9-AD61-C7E7341DEF69}.Debug|Any CPU.ActiveCfg = Debug|Any CPU
		{FF332A95-5EDA-4EF9-AD61-C7E7341DEF69}.Debug|Any CPU.Build.0 = Debug|Any CPU
		{FF332A95-5EDA-4EF9-AD61-C7E7341DEF69}.Release|Any CPU.ActiveCfg = Release|Any CPU
		{FF332A95-5EDA-4EF9-AD61-C7E7341DEF69}.Release|Any CPU.Build.0 = Release|Any CPU
		{A6F3D32A-48F7-434D-AE84-A91FAE629DF5}.Debug|Any CPU.ActiveCfg = Debug|Any CPU
		{A6F3D32A-48F7-434D-AE84-A91FAE629DF5}.Debug|Any CPU.Build.0 = Debug|Any CPU
		{A6F3D32A-48F7-434D-AE84-A91FAE629DF5}.Release|Any CPU.ActiveCfg = Release|Any CPU
		{A6F3D32A-48F7-434D-AE84-A91FAE629DF5}.Release|Any CPU.Build.0 = Release|Any CPU
		{B2843732-DBE5-49EA-8517-C5C7AC200B38}.Debug|Any CPU.ActiveCfg = Debug|Any CPU
		{B2843732-DBE5-49EA-8517-C5C7AC200B38}.Debug|Any CPU.Build.0 = Debug|Any CPU
		{B2843732-DBE5-49EA-8517-C5C7AC200B38}.Release|Any CPU.ActiveCfg = Release|Any CPU
		{B2843732-DBE5-49EA-8517-C5C7AC200B38}.Release|Any CPU.Build.0 = Release|Any CPU
		{7373C9A1-3F30-42D7-8313-27789609B746}.Debug|Any CPU.ActiveCfg = Debug|Any CPU
		{7373C9A1-3F30-42D7-8313-27789609B746}.Debug|Any CPU.Build.0 = Debug|Any CPU
		{7373C9A1-3F30-42D7-8313-27789609B746}.Release|Any CPU.ActiveCfg = Release|Any CPU
		{7373C9A1-3F30-42D7-8313-27789609B746}.Release|Any CPU.Build.0 = Release|Any CPU
		{A1CDE93E-7461-4B5B-A70D-9303CAD42B5D}.Debug|Any CPU.ActiveCfg = Debug|Any CPU
		{A1CDE93E-7461-4B5B-A70D-9303CAD42B5D}.Debug|Any CPU.Build.0 = Debug|Any CPU
		{A1CDE93E-7461-4B5B-A70D-9303CAD42B5D}.Release|Any CPU.ActiveCfg = Release|Any CPU
		{A1CDE93E-7461-4B5B-A70D-9303CAD42B5D}.Release|Any CPU.Build.0 = Release|Any CPU
	EndGlobalSection
	GlobalSection(SolutionProperties) = preSolution
		HideSolutionNode = FALSE
	EndGlobalSection
	GlobalSection(ExtensibilityGlobals) = postSolution
		SolutionGuid = {6BF1124A-0E2B-4D69-AB63-B4E67D9C6020}
	EndGlobalSection
EndGlobal
